{
  "name": "sass-preproc-practice",
  "lockfileVersion": 3,
  "requires": true,
  "packages": {
    "": {
      "dependencies": {
        "modern-normalize": "^3.0.1",
        "sass-extras": "^1.0.0"
      }
    },
    "node_modules/modern-normalize": {
      "version": "3.0.1",
      "resolved": "https://registry.npmjs.org/modern-normalize/-/modern-normalize-3.0.1.tgz",
      "integrity": "sha512-VqlMdYi59Uch6fnUPxnpijWUQe+TW6zeWCvyr6Mb7JibheHzSuAAoJi2c71ZwIaWKpECpGpYHoaaBp6rBRr+/g==",
      "engines": {
        "node": ">=6"
      },
      "funding": {
        "url": "https://github.com/sponsors/sindresorhus"
      }
    },
    "node_modules/sass-extras": {
      "version": "1.0.0",
      "resolved": "https://registry.npmjs.org/sass-extras/-/sass-extras-1.0.0.tgz",
      "integrity": "sha512-K+QIWlPsSarRXTst6QRaScHvZ0BOBfp+G1F0+VvW8XLDNNc+hRZuRFIF6tWwFKVbTgLcvw8RKiW7xQqAYPkY9Q==",
      "engines": {
        "node": ">=8"
      },
      "funding": {
        "url": "https://github.com/sponsors/sindresorhus"
      }
    }
  }
}
